dependencies:
  M5GFX:
    component_hash: 7baf52d61b783f564ad44686f71dcf00ce67dcc7979117d5bfbb02fdab8bd914
    dependencies:
    - name: idf
      version: '>=5.3'
    source:
      git: https://github.com/Paqurin/M5GFX-Tab5.git
      path: .
      type: git
    targets:
    - esp32
    - esp32s3
    - esp32c3
    - esp32p4
    version: caea4f592412cb213a04dc9be3614e324ea9807a
  Paqurin/M5GFX-Tab5:
    component_hash: 7baf52d61b783f564ad44686f71dcf00ce67dcc7979117d5bfbb02fdab8bd914
    dependencies:
    - name: idf
      version: '>=5.3'
    source:
      git: https://github.com/Paqurin/M5GFX-Tab5.git
      path: .
      type: git
    targets:
    - esp32
    - esp32s3
    - esp32c3
    - esp32p4
    version: caea4f592412cb213a04dc9be3614e324ea9807a
  Paqurin/M5unified-ESP32P4:
    component_hash: 487756e02a8db7cde3728a7b1fe54966fe86dad7879d24c874bd356237077de7
    dependencies:
    - name: idf
      version: '>=5.3'
    - git: https://github.com/Paqurin/M5GFX-Tab5.git
      name: M5GFX
    source:
      git: https://github.com/Paqurin/M5unified-ESP32P4.git
      path: .
      type: git
    targets:
    - esp32p4
    version: aa0b4b97e1b5d04526575f5d905dbd50473ae792
  espressif/cmake_utilities:
    component_hash: 351350613ceafba240b761b4ea991e0f231ac7a9f59a9ee901f751bddc0bb18f
    dependencies:
    - name: idf
      require: private
      version: '>=4.1'
    source:
      registry_url: https://components.espressif.com
      type: service
    version: 0.5.3
  espressif/esp_codec_dev:
    component_hash: 3a1df01ee46d64c55155341bb6f4834db33db7dbd9b637e476e1eab64d01295a
    dependencies:
    - name: idf
      require: private
      version: '>=4.0'
    source:
      registry_url: https://components.espressif.com/
      type: service
    version: 1.4.0
  espressif/esp_hosted:
    component_hash: 3bb68bc1b250c6329140ab25009f7a262346622a9554fd2ffe9e8bfb3cd08b41
    dependencies:
    - name: idf
      require: private
      version: '>=5.3'
    source:
      registry_url: https://components.espressif.com/
      type: service
    version: 2.5.1
  espressif/esp_lcd_ili9881c:
    component_hash: eb9ba0484d1d14171b69e5d192716fb1cdd6ef068aa4014dc3202486e124498e
    dependencies:
    - name: idf
      require: private
      version: '>=5.3'
    source:
      registry_url: https://components.espressif.com/
      type: service
    targets:
    - esp32p4
    version: 1.0.2
  espressif/esp_lcd_st7703:
    component_hash: b812126bfa7e144d16820fe0cce33e340f87c14386f31568dc23dcea8976a8b7
    dependencies:
    - name: espressif/cmake_utilities
      registry_url: https://components.espressif.com
      require: private
      version: 0.*
    - name: idf
      require: private
      version: '>=5.3'
    source:
      registry_url: https://components.espressif.com/
      type: service
    targets:
    - esp32p4
    version: 1.0.4
  espressif/esp_lcd_touch:
    component_hash: 779b4ba2464a3ae85681e4b860caa5fdc35801458c23f3039ee761bae7f442a4
    dependencies:
    - name: idf
      require: private
      version: '>=4.4.2'
    source:
      registry_url: https://components.espressif.com
      type: service
    version: 1.1.2
  espressif/esp_lcd_touch_gt911:
    component_hash: acc1c184358aa29ef72506f618c9c76a8cc2bf12af38a2bff3d44d84f3a08857
    dependencies:
    - name: espressif/esp_lcd_touch
      registry_url: https://components.espressif.com
      require: public
      version: ^1.1.0
    - name: idf
      require: private
      version: '>=4.4.2'
    source:
      registry_url: https://components.espressif.com/
      type: service
    version: 1.1.3
  espressif/esp_lvgl_port:
    component_hash: a3db8fedba9f474dac24f1e0cd5bc5e560224e51bb5fa30bb2aa5470d49048db
    dependencies:
    - name: idf
      require: private
      version: '>=4.4'
    - name: lvgl/lvgl
      registry_url: https://components.espressif.com
      require: public
      version: '>=8,<10'
    source:
      registry_url: https://components.espressif.com/
      type: service
    version: 2.6.1
  espressif/usb_host_hid:
    component_hash: eabf03fe3cb1bdb5325d2725f420c6324c3e150033d893ce3737222929455a55
    dependencies:
    - name: idf
      require: private
      version: '>=4.4'
    source:
      registry_url: https://components.espressif.com/
      type: service
    targets:
    - esp32s2
    - esp32s3
    - esp32p4
    version: 1.0.3
  idf:
    source:
      type: idf
    version: 5.4.1
  lvgl/lvgl:
    component_hash: b702d642e03e95928046d5c6726558e6444e112420c77efa5fdb6650b0a13c5d
    dependencies: []
    source:
      registry_url: https://components.espressif.com
      type: service
    version: 9.3.0
direct_dependencies:
- Paqurin/M5GFX-Tab5
- Paqurin/M5unified-ESP32P4
- espressif/esp_codec_dev
- espressif/esp_hosted
- espressif/esp_lcd_ili9881c
- espressif/esp_lcd_st7703
- espressif/esp_lcd_touch_gt911
- espressif/esp_lvgl_port
- espressif/usb_host_hid
- idf
manifest_hash: 4236d100ea2d70a9fe2c88b5f2ff395e2b6dcc265a8d9951e6cf34728c6fe45c
target: esp32p4
version: 2.0.0
